
Microsoft Visual Studio Solution File, Format Version 12.00
# Visual Studio Version 16
VisualStudioVersion = 16.0.32228.343
MinimumVisualStudioVersion = 10.0.40219.1
Project("{FAE04EC0-301F-11D3-BF4B-00C04F79EFBC}") = "brf", "brf.csproj", "{EDB99E1E-4936-45A3-8B1F-CE0B246805A0}"
EndProject
Global
	GlobalSection(SolutionConfigurationPlatforms) = preSolution
		Debug|Any CPU = Debug|Any CPU
		Release|Any CPU = Release|Any CPU
	EndGlobalSection
	GlobalSection(ProjectConfigurationPlatforms) = postSolution
		{EDB99E1E-4936-45A3-8B1F-CE0B246805A0}.Debug|Any CPU.ActiveCfg = Debug|Any CPU
		{EDB99E1E-4936-45A3-8B1F-CE0B246805A0}.Debug|Any CPU.Build.0 = Debug|Any CPU
		{EDB99E1E-4936-45A3-8B1F-CE0B246805A0}.Release|Any CPU.ActiveCfg = Release|Any CPU
		{EDB99E1E-4936-45A3-8B1F-CE0B246805A0}.Release|Any CPU.Build.0 = Release|Any CPU
	EndGlobalSection
	GlobalSection(SolutionProperties) = preSolution
		HideSolutionNode = FALSE
	EndGlobalSection
	GlobalSection(ExtensibilityGlobals) = postSolution
		SolutionGuid = {E1AE1F30-BE06-4C65-87B2-680B919BD49B}
	EndGlobalSection
EndGlobal
